
Microsoft Visual Studio Solution File, Format Version 12.00
# Visual Studio Version 17
VisualStudioVersion = 17.6.33801.468
MinimumVisualStudioVersion = 10.0.40219.1
Project("{FAE04EC0-301F-11D3-BF4B-00C04F79EFBC}") = "AAA HAG Aplication", "AAA HAG Aplication\AAA HAG Aplication.csproj", "{1502C715-B047-460A-9CCD-08919E303214}"
EndProject
Global
	GlobalSection(SolutionConfigurationPlatforms) = preSolution
		Debug|Any CPU = Debug|Any CPU
		Release|Any CPU = Release|Any CPU
	EndGlobalSection
	GlobalSection(ProjectConfigurationPlatforms) = postSolution
		{1502C715-B047-460A-9CCD-08919E303214}.Debug|Any CPU.ActiveCfg = Debug|Any CPU
		{1502C715-B047-460A-9CCD-08919E303214}.Debug|Any CPU.Build.0 = Debug|Any CPU
		{1502C715-B047-460A-9CCD-08919E303214}.Release|Any CPU.ActiveCfg = Release|Any CPU
		{1502C715-B047-460A-9CCD-08919E303214}.Release|Any CPU.Build.0 = Release|Any CPU
	EndGlobalSection
	GlobalSection(SolutionProperties) = preSolution
		HideSolutionNode = FALSE
	EndGlobalSection
	GlobalSection(ExtensibilityGlobals) = postSolution
		SolutionGuid = {36189603-EF83-4AD6-9D57-4E3990A11220}
	EndGlobalSection
EndGlobal
